
Microsoft Visual Studio Solution File, Format Version 12.00
# Visual Studio Version 16
VisualStudioVersion = 16.0.32602.291
MinimumVisualStudioVersion = 10.0.40219.1
Project("{FAE04EC0-301F-11D3-BF4B-00C04F79EFBC}") = "MSD.DemoWebsite", "MSD.DemoWebsite\MSD.DemoWebsite.csproj", "{76C6C31B-18BB-4C80-BDF6-DAA596D913CA}"
EndProject
Global
	GlobalSection(SolutionConfigurationPlatforms) = preSolution
		Debug|Any CPU = Debug|Any CPU
		Release|Any CPU = Release|Any CPU
	EndGlobalSection
	GlobalSection(ProjectConfigurationPlatforms) = postSolution
		{76C6C31B-18BB-4C80-BDF6-DAA596D913CA}.Debug|Any CPU.ActiveCfg = Debug|Any CPU
		{76C6C31B-18BB-4C80-BDF6-DAA596D913CA}.Debug|Any CPU.Build.0 = Debug|Any CPU
		{76C6C31B-18BB-4C80-BDF6-DAA596D913CA}.Release|Any CPU.ActiveCfg = Release|Any CPU
		{76C6C31B-18BB-4C80-BDF6-DAA596D913CA}.Release|Any CPU.Build.0 = Release|Any CPU
	EndGlobalSection
	GlobalSection(SolutionProperties) = preSolution
		HideSolutionNode = FALSE
	EndGlobalSection
	GlobalSection(ExtensibilityGlobals) = postSolution
		SolutionGuid = {1789F606-C2D3-41D8-ADC2-85EC31EB8D14}
	EndGlobalSection
EndGlobal
